
Microsoft Visual Studio Solution File, Format Version 12.00
# Visual Studio Version 16
VisualStudioVersion = 16.0.30804.86
MinimumVisualStudioVersion = 10.0.40219.1
Project("{FAE04EC0-301F-11D3-BF4B-00C04F79EFBC}") = "UI_Design", "UI_Design\UI_Design.csproj", "{BE6CCE1C-D185-403C-86B1-BDAA252CDBE8}"
EndProject
Global
	GlobalSection(SolutionConfigurationPlatforms) = preSolution
		Debug|Any CPU = Debug|Any CPU
		Release|Any CPU = Release|Any CPU
	EndGlobalSection
	GlobalSection(ProjectConfigurationPlatforms) = postSolution
		{BE6CCE1C-D185-403C-86B1-BDAA252CDBE8}.Debug|Any CPU.ActiveCfg = Debug|Any CPU
		{BE6CCE1C-D185-403C-86B1-BDAA252CDBE8}.Debug|Any CPU.Build.0 = Debug|Any CPU
		{BE6CCE1C-D185-403C-86B1-BDAA252CDBE8}.Release|Any CPU.ActiveCfg = Release|Any CPU
		{BE6CCE1C-D185-403C-86B1-BDAA252CDBE8}.Release|Any CPU.Build.0 = Release|Any CPU
	EndGlobalSection
	GlobalSection(SolutionProperties) = preSolution
		HideSolutionNode = FALSE
	EndGlobalSection
	GlobalSection(ExtensibilityGlobals) = postSolution
		SolutionGuid = {D431B750-8180-4F4C-8BE1-88A73F007400}
	EndGlobalSection
EndGlobal
